
Microsoft Visual Studio Solution File, Format Version 12.00
# RemObjects Fire
Project("{656346D9-4656-40DA-A068-22D5425D4639}") = "FireProject", "FireProject.elements", "{86139F7F-604E-4553-88B4-18DB1A982F5D}"
EndProject
Global
	GlobalSection(SolutionConfigurationPlatforms) = preSolution
		Debug|AnyCPU = Debug|AnyCPU
		Release|AnyCPU = Release|AnyCPU
	EndGlobalSection
	GlobalSection(ProjectConfigurationPlatforms) = postSolution
		{86139F7F-604E-4553-88B4-18DB1A982F5D}.Debug|AnyCPU.ActiveCfg = Debug|AnyCPU
		{86139F7F-604E-4553-88B4-18DB1A982F5D}.Debug|AnyCPU.Build.0 = Debug|AnyCPU
		{86139F7F-604E-4553-88B4-18DB1A982F5D}.Release|AnyCPU.ActiveCfg = Release|AnyCPU
		{86139F7F-604E-4553-88B4-18DB1A982F5D}.Release|AnyCPU.Build.0 = Release|AnyCPU
	EndGlobalSection
	GlobalSection(SolutionProperties) = preSolution
		HideSolutionNode = FALSE
	EndGlobalSection
EndGlobal